{
  "pins" : [
    {
      "identity" : "alamofire",
      "kind" : "remoteSourceControl",
      "location" : "https://github.com/Alamofire/Alamofire.git",
      "state" : {
        "revision" : "63dfa86548c4e5d5c6fd6ed42f638e388cbce529",
        "version" : "5.6.0"
      }
    },
    {
      "identity" : "barchart",
      "kind" : "remoteSourceControl",
      "location" : "https://github.com/marekpridal/BarChart",
      "state" : {
        "revision" : "30db3802a904414ee42c9c7aefe28bdcec10921e",
        "version" : "1.5.1"
      }
    },
    {
      "identity" : "chiotpfield",
      "kind" : "remoteSourceControl",
      "location" : "https://github.com/ChiliLabs/CHIOTPField.git",
      "state" : {
        "branch" : "master",
        "revision" : "a8b489a48e002394d8e57def24fc60168b741704"
      }
    },
    {
      "identity" : "geohashkit",
      "kind" : "remoteSourceControl",
      "location" : "https://github.com/ualch9/GeohashKit",
      "state" : {
        "branch" : "main",
        "revision" : "c136935c453612745a07aaba1559118805c0c6ee"
      }
    },
    {
      "identity" : "googlemaps-sp",
      "kind" : "remoteSourceControl",
      "location" : "https://github.com/YAtechnologies/GoogleMaps-SP",
      "state" : {
        "revision" : "0e4d95a5844c2a40381bf659fff84cf66699e17b",
        "version" : "6.0.0"
      }
    },
    {
      "identity" : "iossecuritysuite",
      "kind" : "remoteSourceControl",
      "location" : "https://github.com/securing/IOSSecuritySuite.git",
      "state" : {
        "revision" : "ede30b2c76d97693aba30ce5d0bafe87744278b4",
        "version" : "1.9.4"
      }
    },
    {
      "identity" : "marqueelabel",
      "kind" : "remoteSourceControl",
      "location" : "https://github.com/cbpowell/MarqueeLabel",
      "state" : {
        "branch" : "master",
        "revision" : "980925156200e94062e31db9e203f535c05b27ee"
      }
    },
    {
      "identity" : "pusher-websocket-swift",
      "kind" : "remoteSourceControl",
      "location" : "https://github.com/pusher/pusher-websocket-swift.git",
      "state" : {
        "revision" : "3d451066c4bf5327c0ddc545f469dc1bf0b5f1e4",
        "version" : "9.0.0"
      }
    },
    {
      "identity" : "reachability.swift",
      "kind" : "remoteSourceControl",
      "location" : "https://github.com/ashleymills/Reachability.swift.git",
      "state" : {
        "revision" : "c01bbdf2d633cf049ae1ed1a68a2020a8bda32e2",
        "version" : "5.1.0"
      }
    },
    {
      "identity" : "spindicator",
      "kind" : "remoteSourceControl",
      "location" : "https://github.com/ivanvorobei/SPIndicator",
      "state" : {
        "revision" : "43600857729d9efff046dc6673e6f94e095882c7",
        "version" : "1.6.4"
      }
    }
  ],
  "version" : 2
}
