{
  "pins" : [
    {
      "identity" : "alamofire",
      "kind" : "remoteSourceControl",
      "location" : "https://github.com/Alamofire/Alamofire.git",
      "state" : {
        "revision" : "63dfa86548c4e5d5c6fd6ed42f638e388cbce529",
        "version" : "5.6.0"
      }
    },
    {
      "identity" : "chiotpfield",
      "kind" : "remoteSourceControl",
      "location" : "https://github.com/ChiliLabs/CHIOTPField.git",
      "state" : {
        "branch" : "master",
        "revision" : "a8b489a48e002394d8e57def24fc60168b741704"
      }
    },
    {
      "identity" : "geohashkit",
      "kind" : "remoteSourceControl",
      "location" : "https://github.com/ualch9/GeohashKit",
      "state" : {
        "branch" : "main",
        "revision" : "c136935c453612745a07aaba1559118805c0c6ee"
      }
    },
    {
      "identity" : "googlemaps-sp",
      "kind" : "remoteSourceControl",
      "location" : "https://github.com/YAtechnologies/GoogleMaps-SP",
      "state" : {
        "revision" : "83a0e832bbf95c95ded0747b79cf7f5890a852ea",
        "version" : "6.2.1"
      }
    },
    {
      "identity" : "iossecuritysuite",
      "kind" : "remoteSourceControl",
      "location" : "https://github.com/securing/IOSSecuritySuite.git",
      "state" : {
        "revision" : "ede30b2c76d97693aba30ce5d0bafe87744278b4",
        "version" : "1.9.4"
      }
    },
    {
      "identity" : "pusher-websocket-swift",
      "kind" : "remoteSourceControl",
      "location" : "https://github.com/pusher/pusher-websocket-swift.git",
      "state" : {
        "revision" : "3d451066c4bf5327c0ddc545f469dc1bf0b5f1e4",
        "version" : "9.0.0"
      }
    },
    {
      "identity" : "reachability.swift",
      "kind" : "remoteSourceControl",
      "location" : "https://github.com/ashleymills/Reachability.swift.git",
      "state" : {
        "revision" : "c01bbdf2d633cf049ae1ed1a68a2020a8bda32e2",
        "version" : "5.1.0"
      }
    },
    {
      "identity" : "swiftsvg",
      "kind" : "remoteSourceControl",
      "location" : "https://github.com/mchoe/SwiftSVG",
      "state" : {
        "branch" : "master",
        "revision" : "88b9ee086b29019e35f6f49c8e30e5552eb8fa9d"
      }
    }
  ],
  "version" : 2
}
