{
  "object": {
    "pins": [
      {
        "package": "BarChartKit",
        "repositoryURL": "https://github.com/marekpridal/BarChart",
        "state": {
          "branch": null,
          "revision": "30db3802a904414ee42c9c7aefe28bdcec10921e",
          "version": "1.5.1"
        }
      },
      {
        "package": "GoogleMaps",
        "repositoryURL": "https://github.com/YAtechnologies/GoogleMaps-SP",
        "state": {
          "branch": null,
          "revision": "a7224820cb5eb50ef1020a46a1b87d07c07a09b7",
          "version": "5.1.0"
        }
      },
      {
        "package": "iCarousel",
        "repositoryURL": "https://github.com/nicklockwood/iCarousel",
        "state": {
          "branch": null,
          "revision": "d4b4db80df0aa7744d5bc0dced74474540a114ce",
          "version": null
        }
      }
    ]
  },
  "version": 1
}
