// !$*UTF8*$!
{
	archiveVersion = 1;
	classes = {
	};
	objectVersion = 54;
	objects = {

/* Begin PBXBuildFile section */
		9A0357152727CC4D002A9ED9 /* Home.storyboard in Resources */ = {isa = PBXBuildFile; fileRef = 9A0357142727CC4D002A9ED9 /* Home.storyboard */; };
		9A0357172727CC61002A9ED9 /* HomeViewController.swift in Sources */ = {isa = PBXBuildFile; fileRef = 9A0357162727CC61002A9ED9 /* HomeViewController.swift */; };
		9A089E45272A7D78005B3FFE /* AddReminderViewController.swift in Sources */ = {isa = PBXBuildFile; fileRef = 9A089E44272A7D78005B3FFE /* AddReminderViewController.swift */; };
		9A0C7771272E7B1700ECBFB2 /* SpotView.swift in Sources */ = {isa = PBXBuildFile; fileRef = 9A0C7770272E7B1700ECBFB2 /* SpotView.swift */; };
		9A0C7775272E831E00ECBFB2 /* SpotCell.swift in Sources */ = {isa = PBXBuildFile; fileRef = 9A0C7773272E831E00ECBFB2 /* SpotCell.swift */; };
		9A0C7776272E831E00ECBFB2 /* SpotCell.xib in Resources */ = {isa = PBXBuildFile; fileRef = 9A0C7774272E831E00ECBFB2 /* SpotCell.xib */; };
		9A14B914273142A400967417 /* CustomTableView.swift in Sources */ = {isa = PBXBuildFile; fileRef = 9A14B913273142A400967417 /* CustomTableView.swift */; };
		9A14B916273142C100967417 /* Extensions.swift in Sources */ = {isa = PBXBuildFile; fileRef = 9A14B915273142C100967417 /* Extensions.swift */; };
		9A14B918273142E100967417 /* KeyboardConstraint.swift in Sources */ = {isa = PBXBuildFile; fileRef = 9A14B917273142E100967417 /* KeyboardConstraint.swift */; };
		9A14B91A2731430400967417 /* MonthPickerView.swift in Sources */ = {isa = PBXBuildFile; fileRef = 9A14B9192731430400967417 /* MonthPickerView.swift */; };
		9A14B91C2731431B00967417 /* PaddedTextField.swift in Sources */ = {isa = PBXBuildFile; fileRef = 9A14B91B2731431B00967417 /* PaddedTextField.swift */; };
		9A14B91E2731436300967417 /* UserPrefsUtils.swift in Sources */ = {isa = PBXBuildFile; fileRef = 9A14B91D2731436300967417 /* UserPrefsUtils.swift */; };
		9A150833272BFC3E008C083B /* GoogleMaps in Frameworks */ = {isa = PBXBuildFile; productRef = 9A150832272BFC3E008C083B /* GoogleMaps */; };
		9A150835272BFC3E008C083B /* GoogleMapsBase in Frameworks */ = {isa = PBXBuildFile; productRef = 9A150834272BFC3E008C083B /* GoogleMapsBase */; };
		9A150837272BFC3E008C083B /* GoogleMapsCore in Frameworks */ = {isa = PBXBuildFile; productRef = 9A150836272BFC3E008C083B /* GoogleMapsCore */; };
		9A1ABE972726A5EF00D4AA4B /* InfoTableViewCell.swift in Sources */ = {isa = PBXBuildFile; fileRef = 9A1ABE962726A5EF00D4AA4B /* InfoTableViewCell.swift */; };
		9A310783272A707100B1F84A /* RemindersViewController.swift in Sources */ = {isa = PBXBuildFile; fileRef = 9A310782272A707100B1F84A /* RemindersViewController.swift */; };
		9A310785272A708300B1F84A /* ReminderCell.swift in Sources */ = {isa = PBXBuildFile; fileRef = 9A310784272A708300B1F84A /* ReminderCell.swift */; };
		9A39B0CC272847FC008E7FD0 /* UserSettingsCell.swift in Sources */ = {isa = PBXBuildFile; fileRef = 9A39B0CB272847FC008E7FD0 /* UserSettingsCell.swift */; };
		9A39B0CE27284803008E7FD0 /* SpacerCell.swift in Sources */ = {isa = PBXBuildFile; fileRef = 9A39B0CD27284803008E7FD0 /* SpacerCell.swift */; };
		9A39B0D02728480E008E7FD0 /* UpCornerCell.swift in Sources */ = {isa = PBXBuildFile; fileRef = 9A39B0CF2728480E008E7FD0 /* UpCornerCell.swift */; };
		9A39B0D227284818008E7FD0 /* DownCornerCell.swift in Sources */ = {isa = PBXBuildFile; fileRef = 9A39B0D127284818008E7FD0 /* DownCornerCell.swift */; };
		9A39B0D427284825008E7FD0 /* SettingCell.swift in Sources */ = {isa = PBXBuildFile; fileRef = 9A39B0D327284825008E7FD0 /* SettingCell.swift */; };
		9A39B0D62728482C008E7FD0 /* ButtonCell.swift in Sources */ = {isa = PBXBuildFile; fileRef = 9A39B0D52728482C008E7FD0 /* ButtonCell.swift */; };
		9A39B0D827284B38008E7FD0 /* SettingsTextCell.swift in Sources */ = {isa = PBXBuildFile; fileRef = 9A39B0D727284B38008E7FD0 /* SettingsTextCell.swift */; };
		9A46BBA2272EE764002280DD /* ReserveView.swift in Sources */ = {isa = PBXBuildFile; fileRef = 9A46BBA1272EE764002280DD /* ReserveView.swift */; };
		9A46BBA4272EF343002280DD /* PayView.swift in Sources */ = {isa = PBXBuildFile; fileRef = 9A46BBA3272EF343002280DD /* PayView.swift */; };
		9A46BBA6272EF83D002280DD /* PaidView.swift in Sources */ = {isa = PBXBuildFile; fileRef = 9A46BBA5272EF83D002280DD /* PaidView.swift */; };
		9A46BBA8272EF84A002280DD /* Bars.xib in Resources */ = {isa = PBXBuildFile; fileRef = 9A46BBA7272EF84A002280DD /* Bars.xib */; };
		9A49BFA6272FDA2000234A9F /* ReservationView.swift in Sources */ = {isa = PBXBuildFile; fileRef = 9A49BFA5272FDA2000234A9F /* ReservationView.swift */; };
		9A49BFA8272FED5900234A9F /* DelayView.swift in Sources */ = {isa = PBXBuildFile; fileRef = 9A49BFA7272FED5900234A9F /* DelayView.swift */; };
		9A49BFAB272FF41B00234A9F /* UnlockedView.swift in Sources */ = {isa = PBXBuildFile; fileRef = 9A49BFAA272FF41B00234A9F /* UnlockedView.swift */; };
		9A49BFAD272FF42100234A9F /* CancelledView.swift in Sources */ = {isa = PBXBuildFile; fileRef = 9A49BFAC272FF42100234A9F /* CancelledView.swift */; };
		9A49BFAF272FF42B00234A9F /* NoWifiView.swift in Sources */ = {isa = PBXBuildFile; fileRef = 9A49BFAE272FF42B00234A9F /* NoWifiView.swift */; };
		9A49BFB1272FF8CB00234A9F /* Reachability.swift in Sources */ = {isa = PBXBuildFile; fileRef = 9A49BFB0272FF8CB00234A9F /* Reachability.swift */; };
		9A49BFB4272FF8E600234A9F /* ConnectivityManager.swift in Sources */ = {isa = PBXBuildFile; fileRef = 9A49BFB3272FF8E600234A9F /* ConnectivityManager.swift */; };
		9A5CC58B272C133A00A735A3 /* darkStyle.json in Resources */ = {isa = PBXBuildFile; fileRef = 9A5CC589272C133900A735A3 /* darkStyle.json */; };
		9A5CC58C272C133A00A735A3 /* lightStyle.json in Resources */ = {isa = PBXBuildFile; fileRef = 9A5CC58A272C133A00A735A3 /* lightStyle.json */; };
		9A6A4A2F27293171008F69B3 /* SearchViewController.swift in Sources */ = {isa = PBXBuildFile; fileRef = 9A6A4A2E27293171008F69B3 /* SearchViewController.swift */; };
		9A6A4A3127293184008F69B3 /* SearchCell.swift in Sources */ = {isa = PBXBuildFile; fileRef = 9A6A4A3027293184008F69B3 /* SearchCell.swift */; };
		9A6E1C372731324B002E29F9 /* BarChartKit-static in Frameworks */ = {isa = PBXBuildFile; productRef = 9A6E1C362731324B002E29F9 /* BarChartKit-static */; };
		9A7331FE272877F400ACE30A /* NotificationsViewController.swift in Sources */ = {isa = PBXBuildFile; fileRef = 9A7331FD272877F400ACE30A /* NotificationsViewController.swift */; };
		9A7332002728780300ACE30A /* Settings.storyboard in Resources */ = {isa = PBXBuildFile; fileRef = 9A7331FF2728780300ACE30A /* Settings.storyboard */; };
		9A7332032728798300ACE30A /* NotificationCell.swift in Sources */ = {isa = PBXBuildFile; fileRef = 9A7332022728798300ACE30A /* NotificationCell.swift */; };
		9A8484C22729A8AD00862685 /* DirectionsAppViewController.swift in Sources */ = {isa = PBXBuildFile; fileRef = 9A8484C12729A8AD00862685 /* DirectionsAppViewController.swift */; };
		9A96F873272B09DF008B58FE /* AddCardViewController.swift in Sources */ = {isa = PBXBuildFile; fileRef = 9A96F872272B09DF008B58FE /* AddCardViewController.swift */; };
		9A96F875272B09F1008B58FE /* PaymentViewController.swift in Sources */ = {isa = PBXBuildFile; fileRef = 9A96F874272B09F1008B58FE /* PaymentViewController.swift */; };
		9A96F877272B0A25008B58FE /* CardCell.swift in Sources */ = {isa = PBXBuildFile; fileRef = 9A96F876272B0A25008B58FE /* CardCell.swift */; };
		9AA0AEFE272D195400DA04A2 /* LegalViewController.swift in Sources */ = {isa = PBXBuildFile; fileRef = 9AA0AEFD272D195400DA04A2 /* LegalViewController.swift */; };
		9AA65125272D7DD10057DA24 /* SectionView.swift in Sources */ = {isa = PBXBuildFile; fileRef = 9AA65124272D7DD10057DA24 /* SectionView.swift */; };
		9AA9C4172726C62700ECCCE1 /* SignInViewController.swift in Sources */ = {isa = PBXBuildFile; fileRef = 9AA9C4162726C62700ECCCE1 /* SignInViewController.swift */; };
		9AA9C4192726C63500ECCCE1 /* SignUpViewController.swift in Sources */ = {isa = PBXBuildFile; fileRef = 9AA9C4182726C63500ECCCE1 /* SignUpViewController.swift */; };
		9AB96428272EFCE0008462E7 /* ActiveView.swift in Sources */ = {isa = PBXBuildFile; fileRef = 9AB96427272EFCE0008462E7 /* ActiveView.swift */; };
		9AC6D9D92727DE0D004E838C /* SettingsViewController.swift in Sources */ = {isa = PBXBuildFile; fileRef = 9AC6D9D82727DE0D004E838C /* SettingsViewController.swift */; };
		9AC926EB272697F00054E453 /* AppDelegate.swift in Sources */ = {isa = PBXBuildFile; fileRef = 9AC926EA272697F00054E453 /* AppDelegate.swift */; };
		9AC926ED272697F00054E453 /* SceneDelegate.swift in Sources */ = {isa = PBXBuildFile; fileRef = 9AC926EC272697F00054E453 /* SceneDelegate.swift */; };
		9AC926EF272697F00054E453 /* WelcomeViewController.swift in Sources */ = {isa = PBXBuildFile; fileRef = 9AC926EE272697F00054E453 /* WelcomeViewController.swift */; };
		9AC926F2272697F00054E453 /* Main.storyboard in Resources */ = {isa = PBXBuildFile; fileRef = 9AC926F0272697F00054E453 /* Main.storyboard */; };
		9AC926F4272697F20054E453 /* Assets.xcassets in Resources */ = {isa = PBXBuildFile; fileRef = 9AC926F3272697F20054E453 /* Assets.xcassets */; };
		9AC926F7272697F20054E453 /* LaunchScreen.storyboard in Resources */ = {isa = PBXBuildFile; fileRef = 9AC926F5272697F20054E453 /* LaunchScreen.storyboard */; };
		9AC92702272697F20054E453 /* RoadoutTests.swift in Sources */ = {isa = PBXBuildFile; fileRef = 9AC92701272697F20054E453 /* RoadoutTests.swift */; };
		9AC9270C272697F20054E453 /* RoadoutUITests.swift in Sources */ = {isa = PBXBuildFile; fileRef = 9AC9270B272697F20054E453 /* RoadoutUITests.swift */; };
		9AC9270E272697F20054E453 /* RoadoutUITestsLaunchTests.swift in Sources */ = {isa = PBXBuildFile; fileRef = 9AC9270D272697F20054E453 /* RoadoutUITestsLaunchTests.swift */; };
		9ACBFF54272704F90011B58F /* PermissionsViewController.swift in Sources */ = {isa = PBXBuildFile; fileRef = 9ACBFF53272704F90011B58F /* PermissionsViewController.swift */; };
		9ACBFF56272705060011B58F /* PermissionTableViewCell.swift in Sources */ = {isa = PBXBuildFile; fileRef = 9ACBFF55272705060011B58F /* PermissionTableViewCell.swift */; };
		9AE2AFF7272BBFD70088A3ED /* HistoryViewController.swift in Sources */ = {isa = PBXBuildFile; fileRef = 9AE2AFF6272BBFD70088A3ED /* HistoryViewController.swift */; };
		9AE2AFF9272BC0B80088A3ED /* HistoryCell.swift in Sources */ = {isa = PBXBuildFile; fileRef = 9AE2AFF8272BC0B80088A3ED /* HistoryCell.swift */; };
		9AE2AFFB272BD2550088A3ED /* EditNameViewController.swift in Sources */ = {isa = PBXBuildFile; fileRef = 9AE2AFFA272BD2550088A3ED /* EditNameViewController.swift */; };
		9AE2AFFD272BD25C0088A3ED /* EditPasswordViewController.swift in Sources */ = {isa = PBXBuildFile; fileRef = 9AE2AFFC272BD25C0088A3ED /* EditPasswordViewController.swift */; };
		9AEF29F0272D704D00FEE390 /* Cards.xib in Resources */ = {isa = PBXBuildFile; fileRef = 9AEF29EF272D704D00FEE390 /* Cards.xib */; };
		9AEF29F2272D71A600FEE390 /* ResultView.swift in Sources */ = {isa = PBXBuildFile; fileRef = 9AEF29F1272D71A600FEE390 /* ResultView.swift */; };
		9AF798EE272C3B530096D4C3 /* InviteViewController.swift in Sources */ = {isa = PBXBuildFile; fileRef = 9AF798ED272C3B530096D4C3 /* InviteViewController.swift */; };
		9AF798F3272C4BF70096D4C3 /* PrizesViewController.swift in Sources */ = {isa = PBXBuildFile; fileRef = 9AF798F2272C4BF70096D4C3 /* PrizesViewController.swift */; };
		9AF798F5272C4C060096D4C3 /* PrizesCell.swift in Sources */ = {isa = PBXBuildFile; fileRef = 9AF798F4272C4C060096D4C3 /* PrizesCell.swift */; };
/* End PBXBuildFile section */

/* Begin PBXContainerItemProxy section */
		9AC926FE272697F20054E453 /* PBXContainerItemProxy */ = {
			isa = PBXContainerItemProxy;
			containerPortal = 9AC926DF272697F00054E453 /* Project object */;
			proxyType = 1;
			remoteGlobalIDString = 9AC926E6272697F00054E453;
			remoteInfo = Roadout;
		};
		9AC92708272697F20054E453 /* PBXContainerItemProxy */ = {
			isa = PBXContainerItemProxy;
			containerPortal = 9AC926DF272697F00054E453 /* Project object */;
			proxyType = 1;
			remoteGlobalIDString = 9AC926E6272697F00054E453;
			remoteInfo = Roadout;
		};
/* End PBXContainerItemProxy section */

/* Begin PBXFileReference section */
		9A0357142727CC4D002A9ED9 /* Home.storyboard */ = {isa = PBXFileReference; lastKnownFileType = file.storyboard; path = Home.storyboard; sourceTree = "<group>"; };
		9A0357162727CC61002A9ED9 /* HomeViewController.swift */ = {isa = PBXFileReference; lastKnownFileType = sourcecode.swift; path = HomeViewController.swift; sourceTree = "<group>"; };
		9A089E44272A7D78005B3FFE /* AddReminderViewController.swift */ = {isa = PBXFileReference; lastKnownFileType = sourcecode.swift; path = AddReminderViewController.swift; sourceTree = "<group>"; };
		9A0C7770272E7B1700ECBFB2 /* SpotView.swift */ = {isa = PBXFileReference; lastKnownFileType = sourcecode.swift; path = SpotView.swift; sourceTree = "<group>"; };
		9A0C7773272E831E00ECBFB2 /* SpotCell.swift */ = {isa = PBXFileReference; lastKnownFileType = sourcecode.swift; path = SpotCell.swift; sourceTree = "<group>"; };
		9A0C7774272E831E00ECBFB2 /* SpotCell.xib */ = {isa = PBXFileReference; lastKnownFileType = file.xib; path = SpotCell.xib; sourceTree = "<group>"; };
		9A14B913273142A400967417 /* CustomTableView.swift */ = {isa = PBXFileReference; lastKnownFileType = sourcecode.swift; path = CustomTableView.swift; sourceTree = "<group>"; };
		9A14B915273142C100967417 /* Extensions.swift */ = {isa = PBXFileReference; lastKnownFileType = sourcecode.swift; path = Extensions.swift; sourceTree = "<group>"; };
		9A14B917273142E100967417 /* KeyboardConstraint.swift */ = {isa = PBXFileReference; lastKnownFileType = sourcecode.swift; path = KeyboardConstraint.swift; sourceTree = "<group>"; };
		9A14B9192731430400967417 /* MonthPickerView.swift */ = {isa = PBXFileReference; lastKnownFileType = sourcecode.swift; path = MonthPickerView.swift; sourceTree = "<group>"; };
		9A14B91B2731431B00967417 /* PaddedTextField.swift */ = {isa = PBXFileReference; lastKnownFileType = sourcecode.swift; path = PaddedTextField.swift; sourceTree = "<group>"; };
		9A14B91D2731436300967417 /* UserPrefsUtils.swift */ = {isa = PBXFileReference; lastKnownFileType = sourcecode.swift; path = UserPrefsUtils.swift; sourceTree = "<group>"; };
		9A14B91F273147D400967417 /* Roadout.entitlements */ = {isa = PBXFileReference; lastKnownFileType = text.plist.entitlements; path = Roadout.entitlements; sourceTree = "<group>"; };
		9A150811272BFA49008C083B /* Accelerate.framework */ = {isa = PBXFileReference; lastKnownFileType = wrapper.framework; name = Accelerate.framework; path = System/Library/Frameworks/Accelerate.framework; sourceTree = SDKROOT; };
		9A150813272BFA51008C083B /* CoreData.framework */ = {isa = PBXFileReference; lastKnownFileType = wrapper.framework; name = CoreData.framework; path = System/Library/Frameworks/CoreData.framework; sourceTree = SDKROOT; };
		9A150815272BFA59008C083B /* CoreGraphics.framework */ = {isa = PBXFileReference; lastKnownFileType = wrapper.framework; name = CoreGraphics.framework; path = System/Library/Frameworks/CoreGraphics.framework; sourceTree = SDKROOT; };
		9A150817272BFA62008C083B /* CoreImage.framework */ = {isa = PBXFileReference; lastKnownFileType = wrapper.framework; name = CoreImage.framework; path = System/Library/Frameworks/CoreImage.framework; sourceTree = SDKROOT; };
		9A150819272BFA7A008C083B /* CoreLocation.framework */ = {isa = PBXFileReference; lastKnownFileType = wrapper.framework; name = CoreLocation.framework; path = System/Library/Frameworks/CoreLocation.framework; sourceTree = SDKROOT; };
		9A15081B272BFAD7008C083B /* CoreTelephony.framework */ = {isa = PBXFileReference; lastKnownFileType = wrapper.framework; name = CoreTelephony.framework; path = System/Library/Frameworks/CoreTelephony.framework; sourceTree = SDKROOT; };
		9A15081C272BFAD7008C083B /* GLKit.framework */ = {isa = PBXFileReference; lastKnownFileType = wrapper.framework; name = GLKit.framework; path = System/Library/Frameworks/GLKit.framework; sourceTree = SDKROOT; };
		9A15081D272BFAD7008C083B /* Metal.framework */ = {isa = PBXFileReference; lastKnownFileType = wrapper.framework; name = Metal.framework; path = System/Library/Frameworks/Metal.framework; sourceTree = SDKROOT; };
		9A15081E272BFAD7008C083B /* libc++.tbd */ = {isa = PBXFileReference; lastKnownFileType = "sourcecode.text-based-dylib-definition"; name = "libc++.tbd"; path = "usr/lib/libc++.tbd"; sourceTree = SDKROOT; };
		9A15081F272BFAD7008C083B /* libz.tbd */ = {isa = PBXFileReference; lastKnownFileType = "sourcecode.text-based-dylib-definition"; name = libz.tbd; path = usr/lib/libz.tbd; sourceTree = SDKROOT; };
		9A150820272BFAD7008C083B /* CoreText.framework */ = {isa = PBXFileReference; lastKnownFileType = wrapper.framework; name = CoreText.framework; path = System/Library/Frameworks/CoreText.framework; sourceTree = SDKROOT; };
		9A150821272BFAD7008C083B /* OpenGLES.framework */ = {isa = PBXFileReference; lastKnownFileType = wrapper.framework; name = OpenGLES.framework; path = System/Library/Frameworks/OpenGLES.framework; sourceTree = SDKROOT; };
		9A150822272BFAD7008C083B /* ImageIO.framework */ = {isa = PBXFileReference; lastKnownFileType = wrapper.framework; name = ImageIO.framework; path = System/Library/Frameworks/ImageIO.framework; sourceTree = SDKROOT; };
		9A150823272BFAD8008C083B /* SystemConfiguration.framework */ = {isa = PBXFileReference; lastKnownFileType = wrapper.framework; name = SystemConfiguration.framework; path = System/Library/Frameworks/SystemConfiguration.framework; sourceTree = SDKROOT; };
		9A150824272BFAD8008C083B /* UIKit.framework */ = {isa = PBXFileReference; lastKnownFileType = wrapper.framework; name = UIKit.framework; path = System/Library/Frameworks/UIKit.framework; sourceTree = SDKROOT; };
		9A15082F272BFAE1008C083B /* QuartzCore.framework */ = {isa = PBXFileReference; lastKnownFileType = wrapper.framework; name = QuartzCore.framework; path = System/Library/Frameworks/QuartzCore.framework; sourceTree = SDKROOT; };
		9A1ABE962726A5EF00D4AA4B /* InfoTableViewCell.swift */ = {isa = PBXFileReference; lastKnownFileType = sourcecode.swift; path = InfoTableViewCell.swift; sourceTree = "<group>"; };
		9A310782272A707100B1F84A /* RemindersViewController.swift */ = {isa = PBXFileReference; lastKnownFileType = sourcecode.swift; path = RemindersViewController.swift; sourceTree = "<group>"; };
		9A310784272A708300B1F84A /* ReminderCell.swift */ = {isa = PBXFileReference; lastKnownFileType = sourcecode.swift; path = ReminderCell.swift; sourceTree = "<group>"; };
		9A39B0CB272847FC008E7FD0 /* UserSettingsCell.swift */ = {isa = PBXFileReference; lastKnownFileType = sourcecode.swift; path = UserSettingsCell.swift; sourceTree = "<group>"; };
		9A39B0CD27284803008E7FD0 /* SpacerCell.swift */ = {isa = PBXFileReference; lastKnownFileType = sourcecode.swift; path = SpacerCell.swift; sourceTree = "<group>"; };
		9A39B0CF2728480E008E7FD0 /* UpCornerCell.swift */ = {isa = PBXFileReference; lastKnownFileType = sourcecode.swift; path = UpCornerCell.swift; sourceTree = "<group>"; };
		9A39B0D127284818008E7FD0 /* DownCornerCell.swift */ = {isa = PBXFileReference; lastKnownFileType = sourcecode.swift; path = DownCornerCell.swift; sourceTree = "<group>"; };
		9A39B0D327284825008E7FD0 /* SettingCell.swift */ = {isa = PBXFileReference; lastKnownFileType = sourcecode.swift; path = SettingCell.swift; sourceTree = "<group>"; };
		9A39B0D52728482C008E7FD0 /* ButtonCell.swift */ = {isa = PBXFileReference; lastKnownFileType = sourcecode.swift; path = ButtonCell.swift; sourceTree = "<group>"; };
		9A39B0D727284B38008E7FD0 /* SettingsTextCell.swift */ = {isa = PBXFileReference; lastKnownFileType = sourcecode.swift; path = SettingsTextCell.swift; sourceTree = "<group>"; };
		9A46BBA1272EE764002280DD /* ReserveView.swift */ = {isa = PBXFileReference; lastKnownFileType = sourcecode.swift; path = ReserveView.swift; sourceTree = "<group>"; };
		9A46BBA3272EF343002280DD /* PayView.swift */ = {isa = PBXFileReference; lastKnownFileType = sourcecode.swift; path = PayView.swift; sourceTree = "<group>"; };
		9A46BBA5272EF83D002280DD /* PaidView.swift */ = {isa = PBXFileReference; lastKnownFileType = sourcecode.swift; path = PaidView.swift; sourceTree = "<group>"; };
		9A46BBA7272EF84A002280DD /* Bars.xib */ = {isa = PBXFileReference; lastKnownFileType = file.xib; path = Bars.xib; sourceTree = "<group>"; };
		9A49BFA5272FDA2000234A9F /* ReservationView.swift */ = {isa = PBXFileReference; lastKnownFileType = sourcecode.swift; path = ReservationView.swift; sourceTree = "<group>"; };
		9A49BFA7272FED5900234A9F /* DelayView.swift */ = {isa = PBXFileReference; lastKnownFileType = sourcecode.swift; path = DelayView.swift; sourceTree = "<group>"; };
		9A49BFAA272FF41B00234A9F /* UnlockedView.swift */ = {isa = PBXFileReference; lastKnownFileType = sourcecode.swift; path = UnlockedView.swift; sourceTree = "<group>"; };
		9A49BFAC272FF42100234A9F /* CancelledView.swift */ = {isa = PBXFileReference; lastKnownFileType = sourcecode.swift; path = CancelledView.swift; sourceTree = "<group>"; };
		9A49BFAE272FF42B00234A9F /* NoWifiView.swift */ = {isa = PBXFileReference; lastKnownFileType = sourcecode.swift; path = NoWifiView.swift; sourceTree = "<group>"; };
		9A49BFB0272FF8CB00234A9F /* Reachability.swift */ = {isa = PBXFileReference; fileEncoding = 4; lastKnownFileType = sourcecode.swift; path = Reachability.swift; sourceTree = "<group>"; };
		9A49BFB3272FF8E600234A9F /* ConnectivityManager.swift */ = {isa = PBXFileReference; lastKnownFileType = sourcecode.swift; path = ConnectivityManager.swift; sourceTree = "<group>"; };
		9A5CC589272C133900A735A3 /* darkStyle.json */ = {isa = PBXFileReference; fileEncoding = 4; lastKnownFileType = text.json; path = darkStyle.json; sourceTree = "<group>"; };
		9A5CC58A272C133A00A735A3 /* lightStyle.json */ = {isa = PBXFileReference; fileEncoding = 4; lastKnownFileType = text.json; path = lightStyle.json; sourceTree = "<group>"; };
		9A6A4A2E27293171008F69B3 /* SearchViewController.swift */ = {isa = PBXFileReference; lastKnownFileType = sourcecode.swift; path = SearchViewController.swift; sourceTree = "<group>"; };
		9A6A4A3027293184008F69B3 /* SearchCell.swift */ = {isa = PBXFileReference; lastKnownFileType = sourcecode.swift; path = SearchCell.swift; sourceTree = "<group>"; };
		9A7331FD272877F400ACE30A /* NotificationsViewController.swift */ = {isa = PBXFileReference; lastKnownFileType = sourcecode.swift; path = NotificationsViewController.swift; sourceTree = "<group>"; };
		9A7331FF2728780300ACE30A /* Settings.storyboard */ = {isa = PBXFileReference; lastKnownFileType = file.storyboard; path = Settings.storyboard; sourceTree = "<group>"; };
		9A7332022728798300ACE30A /* NotificationCell.swift */ = {isa = PBXFileReference; lastKnownFileType = sourcecode.swift; path = NotificationCell.swift; sourceTree = "<group>"; };
		9A8484C12729A8AD00862685 /* DirectionsAppViewController.swift */ = {isa = PBXFileReference; lastKnownFileType = sourcecode.swift; path = DirectionsAppViewController.swift; sourceTree = "<group>"; };
		9A96F872272B09DF008B58FE /* AddCardViewController.swift */ = {isa = PBXFileReference; lastKnownFileType = sourcecode.swift; path = AddCardViewController.swift; sourceTree = "<group>"; };
		9A96F874272B09F1008B58FE /* PaymentViewController.swift */ = {isa = PBXFileReference; lastKnownFileType = sourcecode.swift; path = PaymentViewController.swift; sourceTree = "<group>"; };
		9A96F876272B0A25008B58FE /* CardCell.swift */ = {isa = PBXFileReference; lastKnownFileType = sourcecode.swift; path = CardCell.swift; sourceTree = "<group>"; };
		9AA0AEFD272D195400DA04A2 /* LegalViewController.swift */ = {isa = PBXFileReference; lastKnownFileType = sourcecode.swift; path = LegalViewController.swift; sourceTree = "<group>"; };
		9AA65124272D7DD10057DA24 /* SectionView.swift */ = {isa = PBXFileReference; lastKnownFileType = sourcecode.swift; path = SectionView.swift; sourceTree = "<group>"; };
		9AA9C4162726C62700ECCCE1 /* SignInViewController.swift */ = {isa = PBXFileReference; lastKnownFileType = sourcecode.swift; path = SignInViewController.swift; sourceTree = "<group>"; };
		9AA9C4182726C63500ECCCE1 /* SignUpViewController.swift */ = {isa = PBXFileReference; lastKnownFileType = sourcecode.swift; path = SignUpViewController.swift; sourceTree = "<group>"; };
		9AB96427272EFCE0008462E7 /* ActiveView.swift */ = {isa = PBXFileReference; lastKnownFileType = sourcecode.swift; path = ActiveView.swift; sourceTree = "<group>"; };
		9AC6D9D82727DE0D004E838C /* SettingsViewController.swift */ = {isa = PBXFileReference; lastKnownFileType = sourcecode.swift; name = SettingsViewController.swift; path = "Roadout/Interface/Home Views/SettingsViewController.swift"; sourceTree = SOURCE_ROOT; };
		9AC926E7272697F00054E453 /* Roadout.app */ = {isa = PBXFileReference; explicitFileType = wrapper.application; includeInIndex = 0; path = Roadout.app; sourceTree = BUILT_PRODUCTS_DIR; };
		9AC926EA272697F00054E453 /* AppDelegate.swift */ = {isa = PBXFileReference; lastKnownFileType = sourcecode.swift; path = AppDelegate.swift; sourceTree = "<group>"; };
		9AC926EC272697F00054E453 /* SceneDelegate.swift */ = {isa = PBXFileReference; lastKnownFileType = sourcecode.swift; path = SceneDelegate.swift; sourceTree = "<group>"; };
		9AC926EE272697F00054E453 /* WelcomeViewController.swift */ = {isa = PBXFileReference; lastKnownFileType = sourcecode.swift; path = WelcomeViewController.swift; sourceTree = "<group>"; };
		9AC926F1272697F00054E453 /* Base */ = {isa = PBXFileReference; lastKnownFileType = file.storyboard; name = Base; path = Base.lproj/Main.storyboard; sourceTree = "<group>"; };
		9AC926F3272697F20054E453 /* Assets.xcassets */ = {isa = PBXFileReference; lastKnownFileType = folder.assetcatalog; path = Assets.xcassets; sourceTree = "<group>"; };
		9AC926F6272697F20054E453 /* Base */ = {isa = PBXFileReference; lastKnownFileType = file.storyboard; name = Base; path = Base.lproj/LaunchScreen.storyboard; sourceTree = "<group>"; };
		9AC926F8272697F20054E453 /* Info.plist */ = {isa = PBXFileReference; lastKnownFileType = text.plist.xml; path = Info.plist; sourceTree = "<group>"; };
		9AC926FD272697F20054E453 /* RoadoutTests.xctest */ = {isa = PBXFileReference; explicitFileType = wrapper.cfbundle; includeInIndex = 0; path = RoadoutTests.xctest; sourceTree = BUILT_PRODUCTS_DIR; };
		9AC92701272697F20054E453 /* RoadoutTests.swift */ = {isa = PBXFileReference; lastKnownFileType = sourcecode.swift; path = RoadoutTests.swift; sourceTree = "<group>"; };
		9AC92707272697F20054E453 /* RoadoutUITests.xctest */ = {isa = PBXFileReference; explicitFileType = wrapper.cfbundle; includeInIndex = 0; path = RoadoutUITests.xctest; sourceTree = BUILT_PRODUCTS_DIR; };
		9AC9270B272697F20054E453 /* RoadoutUITests.swift */ = {isa = PBXFileReference; lastKnownFileType = sourcecode.swift; path = RoadoutUITests.swift; sourceTree = "<group>"; };
		9AC9270D272697F20054E453 /* RoadoutUITestsLaunchTests.swift */ = {isa = PBXFileReference; lastKnownFileType = sourcecode.swift; path = RoadoutUITestsLaunchTests.swift; sourceTree = "<group>"; };
		9ACBFF53272704F90011B58F /* PermissionsViewController.swift */ = {isa = PBXFileReference; lastKnownFileType = sourcecode.swift; path = PermissionsViewController.swift; sourceTree = "<group>"; };
		9ACBFF55272705060011B58F /* PermissionTableViewCell.swift */ = {isa = PBXFileReference; lastKnownFileType = sourcecode.swift; path = PermissionTableViewCell.swift; sourceTree = "<group>"; };
		9AE2AFF6272BBFD70088A3ED /* HistoryViewController.swift */ = {isa = PBXFileReference; lastKnownFileType = sourcecode.swift; path = HistoryViewController.swift; sourceTree = "<group>"; };
		9AE2AFF8272BC0B80088A3ED /* HistoryCell.swift */ = {isa = PBXFileReference; lastKnownFileType = sourcecode.swift; name = HistoryCell.swift; path = Roadout/Interface/Settings/HistoryCell.swift; sourceTree = SOURCE_ROOT; };
		9AE2AFFA272BD2550088A3ED /* EditNameViewController.swift */ = {isa = PBXFileReference; lastKnownFileType = sourcecode.swift; path = EditNameViewController.swift; sourceTree = "<group>"; };
		9AE2AFFC272BD25C0088A3ED /* EditPasswordViewController.swift */ = {isa = PBXFileReference; lastKnownFileType = sourcecode.swift; path = EditPasswordViewController.swift; sourceTree = "<group>"; };
		9AEF29EF272D704D00FEE390 /* Cards.xib */ = {isa = PBXFileReference; lastKnownFileType = file.xib; path = Cards.xib; sourceTree = "<group>"; };
		9AEF29F1272D71A600FEE390 /* ResultView.swift */ = {isa = PBXFileReference; lastKnownFileType = sourcecode.swift; path = ResultView.swift; sourceTree = "<group>"; };
		9AF798ED272C3B530096D4C3 /* InviteViewController.swift */ = {isa = PBXFileReference; lastKnownFileType = sourcecode.swift; path = InviteViewController.swift; sourceTree = "<group>"; };
		9AF798F2272C4BF70096D4C3 /* PrizesViewController.swift */ = {isa = PBXFileReference; lastKnownFileType = sourcecode.swift; path = PrizesViewController.swift; sourceTree = "<group>"; };
		9AF798F4272C4C060096D4C3 /* PrizesCell.swift */ = {isa = PBXFileReference; lastKnownFileType = sourcecode.swift; path = PrizesCell.swift; sourceTree = "<group>"; };
/* End PBXFileReference section */

/* Begin PBXFrameworksBuildPhase section */
		9AC926E4272697F00054E453 /* Frameworks */ = {
			isa = PBXFrameworksBuildPhase;
			buildActionMask = 2147483647;
			files = (
				9A150833272BFC3E008C083B /* GoogleMaps in Frameworks */,
				9A150837272BFC3E008C083B /* GoogleMapsCore in Frameworks */,
				9A6E1C372731324B002E29F9 /* BarChartKit-static in Frameworks */,
				9A150835272BFC3E008C083B /* GoogleMapsBase in Frameworks */,
			);
			runOnlyForDeploymentPostprocessing = 0;
		};
		9AC926FA272697F20054E453 /* Frameworks */ = {
			isa = PBXFrameworksBuildPhase;
			buildActionMask = 2147483647;
			files = (
			);
			runOnlyForDeploymentPostprocessing = 0;
		};
		9AC92704272697F20054E453 /* Frameworks */ = {
			isa = PBXFrameworksBuildPhase;
			buildActionMask = 2147483647;
			files = (
			);
			runOnlyForDeploymentPostprocessing = 0;
		};
/* End PBXFrameworksBuildPhase section */

/* Begin PBXGroup section */
		9A089E46272A7D7D005B3FFE /* Extras */ = {
			isa = PBXGroup;
			children = (
				9A089E44272A7D78005B3FFE /* AddReminderViewController.swift */,
				9A96F872272B09DF008B58FE /* AddCardViewController.swift */,
				9AE2AFFA272BD2550088A3ED /* EditNameViewController.swift */,
				9AE2AFFC272BD25C0088A3ED /* EditPasswordViewController.swift */,
			);
			path = Extras;
			sourceTree = "<group>";
		};
		9A0C7772272E830500ECBFB2 /* Cards */ = {
			isa = PBXGroup;
			children = (
				9A49BFA9272FF40D00234A9F /* Bars */,
				9AEF29F1272D71A600FEE390 /* ResultView.swift */,
				9AA65124272D7DD10057DA24 /* SectionView.swift */,
				9A0C7770272E7B1700ECBFB2 /* SpotView.swift */,
				9A46BBA1272EE764002280DD /* ReserveView.swift */,
				9A46BBA3272EF343002280DD /* PayView.swift */,
				9A49BFA5272FDA2000234A9F /* ReservationView.swift */,
				9A49BFA7272FED5900234A9F /* DelayView.swift */,
			);
			path = Cards;
			sourceTree = "<group>";
		};
		9A0C7777272E832800ECBFB2 /* Spot */ = {
			isa = PBXGroup;
			children = (
				9A0C7773272E831E00ECBFB2 /* SpotCell.swift */,
				9A0C7774272E831E00ECBFB2 /* SpotCell.xib */,
			);
			path = Spot;
			sourceTree = "<group>";
		};
		9A14B912273141E200967417 /* Utilities */ = {
			isa = PBXGroup;
			children = (
				9A49BFB2272FF8D000234A9F /* Wifi Helper */,
				9A14B91D2731436300967417 /* UserPrefsUtils.swift */,
			);
			path = Utilities;
			sourceTree = "<group>";
		};
		9A150810272BFA49008C083B /* Frameworks */ = {
			isa = PBXGroup;
			children = (
				9A15082F272BFAE1008C083B /* QuartzCore.framework */,
				9A15081B272BFAD7008C083B /* CoreTelephony.framework */,
				9A150820272BFAD7008C083B /* CoreText.framework */,
				9A15081C272BFAD7008C083B /* GLKit.framework */,
				9A150822272BFAD7008C083B /* ImageIO.framework */,
				9A15081E272BFAD7008C083B /* libc++.tbd */,
				9A15081F272BFAD7008C083B /* libz.tbd */,
				9A15081D272BFAD7008C083B /* Metal.framework */,
				9A150821272BFAD7008C083B /* OpenGLES.framework */,
				9A150823272BFAD8008C083B /* SystemConfiguration.framework */,
				9A150824272BFAD8008C083B /* UIKit.framework */,
				9A150819272BFA7A008C083B /* CoreLocation.framework */,
				9A150817272BFA62008C083B /* CoreImage.framework */,
				9A150815272BFA59008C083B /* CoreGraphics.framework */,
				9A150813272BFA51008C083B /* CoreData.framework */,
				9A150811272BFA49008C083B /* Accelerate.framework */,
			);
			name = Frameworks;
			sourceTree = "<group>";
		};
		9A39B0C9272847C8008E7FD0 /* Cells */ = {
			isa = PBXGroup;
			children = (
				9A1ABE962726A5EF00D4AA4B /* InfoTableViewCell.swift */,
				9ACBFF55272705060011B58F /* PermissionTableViewCell.swift */,
			);
			path = Cells;
			sourceTree = "<group>";
		};
		9A39B0CA272847D1008E7FD0 /* Cells */ = {
			isa = PBXGroup;
			children = (
				9A39B0CB272847FC008E7FD0 /* UserSettingsCell.swift */,
				9A39B0CD27284803008E7FD0 /* SpacerCell.swift */,
				9A39B0CF2728480E008E7FD0 /* UpCornerCell.swift */,
				9A39B0D127284818008E7FD0 /* DownCornerCell.swift */,
				9A39B0D327284825008E7FD0 /* SettingCell.swift */,
				9A39B0D52728482C008E7FD0 /* ButtonCell.swift */,
				9A39B0D727284B38008E7FD0 /* SettingsTextCell.swift */,
			);
			path = Cells;
			sourceTree = "<group>";
		};
		9A49BFA9272FF40D00234A9F /* Bars */ = {
			isa = PBXGroup;
			children = (
				9A46BBA5272EF83D002280DD /* PaidView.swift */,
				9AB96427272EFCE0008462E7 /* ActiveView.swift */,
				9A49BFAA272FF41B00234A9F /* UnlockedView.swift */,
				9A49BFAC272FF42100234A9F /* CancelledView.swift */,
				9A49BFAE272FF42B00234A9F /* NoWifiView.swift */,
			);
			path = Bars;
			sourceTree = "<group>";
		};
		9A49BFB2272FF8D000234A9F /* Wifi Helper */ = {
			isa = PBXGroup;
			children = (
				9A49BFB0272FF8CB00234A9F /* Reachability.swift */,
				9A49BFB3272FF8E600234A9F /* ConnectivityManager.swift */,
			);
			name = "Wifi Helper";
			path = "Custom Classes";
			sourceTree = "<group>";
		};
		9A7332012728796A00ACE30A /* Setting Cells */ = {
			isa = PBXGroup;
			children = (
				9A310784272A708300B1F84A /* ReminderCell.swift */,
				9A7332022728798300ACE30A /* NotificationCell.swift */,
				9A96F876272B0A25008B58FE /* CardCell.swift */,
				9AE2AFF8272BC0B80088A3ED /* HistoryCell.swift */,
				9AF798F4272C4C060096D4C3 /* PrizesCell.swift */,
			);
			path = "Setting Cells";
			sourceTree = "<group>";
		};
		9AA9C4132726C5A500ECCCE1 /* Custom Classes */ = {
			isa = PBXGroup;
			children = (
				9A14B913273142A400967417 /* CustomTableView.swift */,
				9A14B915273142C100967417 /* Extensions.swift */,
				9A14B917273142E100967417 /* KeyboardConstraint.swift */,
				9A14B9192731430400967417 /* MonthPickerView.swift */,
				9A14B91B2731431B00967417 /* PaddedTextField.swift */,
			);
			path = "Custom Classes";
			sourceTree = "<group>";
		};
		9AC926DE272697F00054E453 = {
			isa = PBXGroup;
			children = (
				9AC926E9272697F00054E453 /* Roadout */,
				9AC92700272697F20054E453 /* RoadoutTests */,
				9AC9270A272697F20054E453 /* RoadoutUITests */,
				9AC926E8272697F00054E453 /* Products */,
				9A150810272BFA49008C083B /* Frameworks */,
			);
			sourceTree = "<group>";
		};
		9AC926E8272697F00054E453 /* Products */ = {
			isa = PBXGroup;
			children = (
				9AC926E7272697F00054E453 /* Roadout.app */,
				9AC926FD272697F20054E453 /* RoadoutTests.xctest */,
				9AC92707272697F20054E453 /* RoadoutUITests.xctest */,
			);
			name = Products;
			sourceTree = "<group>";
		};
		9AC926E9272697F00054E453 /* Roadout */ = {
			isa = PBXGroup;
			children = (
				9A14B91F273147D400967417 /* Roadout.entitlements */,
				9A14B912273141E200967417 /* Utilities */,
				9AC926EA272697F00054E453 /* AppDelegate.swift */,
				9AC926EC272697F00054E453 /* SceneDelegate.swift */,
				9AC9271A27269B460054E453 /* Interface */,
				9AC926F3272697F20054E453 /* Assets.xcassets */,
				9A5CC589272C133900A735A3 /* darkStyle.json */,
				9A5CC58A272C133A00A735A3 /* lightStyle.json */,
				9AC926F8272697F20054E453 /* Info.plist */,
			);
			path = Roadout;
			sourceTree = "<group>";
		};
		9AC92700272697F20054E453 /* RoadoutTests */ = {
			isa = PBXGroup;
			children = (
				9AC92701272697F20054E453 /* RoadoutTests.swift */,
			);
			path = RoadoutTests;
			sourceTree = "<group>";
		};
		9AC9270A272697F20054E453 /* RoadoutUITests */ = {
			isa = PBXGroup;
			children = (
				9AC9270B272697F20054E453 /* RoadoutUITests.swift */,
				9AC9270D272697F20054E453 /* RoadoutUITestsLaunchTests.swift */,
			);
			path = RoadoutUITests;
			sourceTree = "<group>";
		};
		9AC9271A27269B460054E453 /* Interface */ = {
			isa = PBXGroup;
			children = (
				9AA9C4132726C5A500ECCCE1 /* Custom Classes */,
				9AC9271E27269B9B0054E453 /* Storyboards */,
				9AC9271D27269B7B0054E453 /* Home Views */,
				9AC9271C27269B6E0054E453 /* Settings */,
				9AC9271B27269B540054E453 /* On-Boarding */,
			);
			path = Interface;
			sourceTree = "<group>";
		};
		9AC9271B27269B540054E453 /* On-Boarding */ = {
			isa = PBXGroup;
			children = (
				9AC926EE272697F00054E453 /* WelcomeViewController.swift */,
				9A39B0C9272847C8008E7FD0 /* Cells */,
				9AA9C4162726C62700ECCCE1 /* SignInViewController.swift */,
				9AA9C4182726C63500ECCCE1 /* SignUpViewController.swift */,
				9ACBFF53272704F90011B58F /* PermissionsViewController.swift */,
			);
			path = "On-Boarding";
			sourceTree = "<group>";
		};
		9AC9271C27269B6E0054E453 /* Settings */ = {
			isa = PBXGroup;
			children = (
				9A089E46272A7D7D005B3FFE /* Extras */,
				9A7332012728796A00ACE30A /* Setting Cells */,
				9A39B0CA272847D1008E7FD0 /* Cells */,
				9AC6D9D82727DE0D004E838C /* SettingsViewController.swift */,
				9A7331FD272877F400ACE30A /* NotificationsViewController.swift */,
				9A8484C12729A8AD00862685 /* DirectionsAppViewController.swift */,
				9A310782272A707100B1F84A /* RemindersViewController.swift */,
				9A96F874272B09F1008B58FE /* PaymentViewController.swift */,
				9AE2AFF6272BBFD70088A3ED /* HistoryViewController.swift */,
				9AF798ED272C3B530096D4C3 /* InviteViewController.swift */,
				9AF798F2272C4BF70096D4C3 /* PrizesViewController.swift */,
				9AA0AEFD272D195400DA04A2 /* LegalViewController.swift */,
			);
			path = Settings;
			sourceTree = "<group>";
		};
		9AC9271D27269B7B0054E453 /* Home Views */ = {
			isa = PBXGroup;
			children = (
				9A0357162727CC61002A9ED9 /* HomeViewController.swift */,
				9A6A4A2E27293171008F69B3 /* SearchViewController.swift */,
				9A6A4A3027293184008F69B3 /* SearchCell.swift */,
				9A0C7772272E830500ECBFB2 /* Cards */,
				9A0C7777272E832800ECBFB2 /* Spot */,
			);
			path = "Home Views";
			sourceTree = "<group>";
		};
		9AC9271E27269B9B0054E453 /* Storyboards */ = {
			isa = PBXGroup;
			children = (
				9AC926F0272697F00054E453 /* Main.storyboard */,
				9AC926F5272697F20054E453 /* LaunchScreen.storyboard */,
				9A0357142727CC4D002A9ED9 /* Home.storyboard */,
				9A7331FF2728780300ACE30A /* Settings.storyboard */,
				9AEF29EF272D704D00FEE390 /* Cards.xib */,
				9A46BBA7272EF84A002280DD /* Bars.xib */,
			);
			path = Storyboards;
			sourceTree = "<group>";
		};
/* End PBXGroup section */

/* Begin PBXNativeTarget section */
		9AC926E6272697F00054E453 /* Roadout */ = {
			isa = PBXNativeTarget;
			buildConfigurationList = 9AC92711272697F20054E453 /* Build configuration list for PBXNativeTarget "Roadout" */;
			buildPhases = (
				9AC926E3272697F00054E453 /* Sources */,
				9AC926E4272697F00054E453 /* Frameworks */,
				9AC926E5272697F00054E453 /* Resources */,
			);
			buildRules = (
			);
			dependencies = (
			);
			name = Roadout;
			packageProductDependencies = (
				9A150832272BFC3E008C083B /* GoogleMaps */,
				9A150834272BFC3E008C083B /* GoogleMapsBase */,
				9A150836272BFC3E008C083B /* GoogleMapsCore */,
				9A6E1C362731324B002E29F9 /* BarChartKit-static */,
			);
			productName = Roadout;
			productReference = 9AC926E7272697F00054E453 /* Roadout.app */;
			productType = "com.apple.product-type.application";
		};
		9AC926FC272697F20054E453 /* RoadoutTests */ = {
			isa = PBXNativeTarget;
			buildConfigurationList = 9AC92714272697F20054E453 /* Build configuration list for PBXNativeTarget "RoadoutTests" */;
			buildPhases = (
				9AC926F9272697F20054E453 /* Sources */,
				9AC926FA272697F20054E453 /* Frameworks */,
				9AC926FB272697F20054E453 /* Resources */,
			);
			buildRules = (
			);
			dependencies = (
				9AC926FF272697F20054E453 /* PBXTargetDependency */,
			);
			name = RoadoutTests;
			productName = RoadoutTests;
			productReference = 9AC926FD272697F20054E453 /* RoadoutTests.xctest */;
			productType = "com.apple.product-type.bundle.unit-test";
		};
		9AC92706272697F20054E453 /* RoadoutUITests */ = {
			isa = PBXNativeTarget;
			buildConfigurationList = 9AC92717272697F20054E453 /* Build configuration list for PBXNativeTarget "RoadoutUITests" */;
			buildPhases = (
				9AC92703272697F20054E453 /* Sources */,
				9AC92704272697F20054E453 /* Frameworks */,
				9AC92705272697F20054E453 /* Resources */,
			);
			buildRules = (
			);
			dependencies = (
				9AC92709272697F20054E453 /* PBXTargetDependency */,
			);
			name = RoadoutUITests;
			productName = RoadoutUITests;
			productReference = 9AC92707272697F20054E453 /* RoadoutUITests.xctest */;
			productType = "com.apple.product-type.bundle.ui-testing";
		};
/* End PBXNativeTarget section */

/* Begin PBXProject section */
		9AC926DF272697F00054E453 /* Project object */ = {
			isa = PBXProject;
			attributes = {
				BuildIndependentTargetsInParallel = 1;
				LastSwiftUpdateCheck = 1300;
				LastUpgradeCheck = 1300;
				TargetAttributes = {
					9AC926E6272697F00054E453 = {
						CreatedOnToolsVersion = 13.0;
					};
					9AC926FC272697F20054E453 = {
						CreatedOnToolsVersion = 13.0;
						TestTargetID = 9AC926E6272697F00054E453;
					};
					9AC92706272697F20054E453 = {
						CreatedOnToolsVersion = 13.0;
						TestTargetID = 9AC926E6272697F00054E453;
					};
				};
			};
			buildConfigurationList = 9AC926E2272697F00054E453 /* Build configuration list for PBXProject "Roadout" */;
			compatibilityVersion = "Xcode 12.0";
			developmentRegion = en;
			hasScannedForEncodings = 0;
			knownRegions = (
				en,
				Base,
			);
			mainGroup = 9AC926DE272697F00054E453;
			packageReferences = (
				9A150831272BFC3E008C083B /* XCRemoteSwiftPackageReference "GoogleMaps-SP" */,
				9A6E1C352731324B002E29F9 /* XCRemoteSwiftPackageReference "BarChart" */,
			);
			productRefGroup = 9AC926E8272697F00054E453 /* Products */;
			projectDirPath = "";
			projectRoot = "";
			targets = (
				9AC926E6272697F00054E453 /* Roadout */,
				9AC926FC272697F20054E453 /* RoadoutTests */,
				9AC92706272697F20054E453 /* RoadoutUITests */,
			);
		};
/* End PBXProject section */

/* Begin PBXResourcesBuildPhase section */
		9AC926E5272697F00054E453 /* Resources */ = {
			isa = PBXResourcesBuildPhase;
			buildActionMask = 2147483647;
			files = (
				9AC926F7272697F20054E453 /* LaunchScreen.storyboard in Resources */,
				9A46BBA8272EF84A002280DD /* Bars.xib in Resources */,
				9AC926F4272697F20054E453 /* Assets.xcassets in Resources */,
				9A0C7776272E831E00ECBFB2 /* SpotCell.xib in Resources */,
				9AC926F2272697F00054E453 /* Main.storyboard in Resources */,
				9A0357152727CC4D002A9ED9 /* Home.storyboard in Resources */,
				9A7332002728780300ACE30A /* Settings.storyboard in Resources */,
				9A5CC58B272C133A00A735A3 /* darkStyle.json in Resources */,
				9A5CC58C272C133A00A735A3 /* lightStyle.json in Resources */,
				9AEF29F0272D704D00FEE390 /* Cards.xib in Resources */,
			);
			runOnlyForDeploymentPostprocessing = 0;
		};
		9AC926FB272697F20054E453 /* Resources */ = {
			isa = PBXResourcesBuildPhase;
			buildActionMask = 2147483647;
			files = (
			);
			runOnlyForDeploymentPostprocessing = 0;
		};
		9AC92705272697F20054E453 /* Resources */ = {
			isa = PBXResourcesBuildPhase;
			buildActionMask = 2147483647;
			files = (
			);
			runOnlyForDeploymentPostprocessing = 0;
		};
/* End PBXResourcesBuildPhase section */

/* Begin PBXSourcesBuildPhase section */
		9AC926E3272697F00054E453 /* Sources */ = {
			isa = PBXSourcesBuildPhase;
			buildActionMask = 2147483647;
			files = (
				9A39B0D62728482C008E7FD0 /* ButtonCell.swift in Sources */,
				9A6A4A3127293184008F69B3 /* SearchCell.swift in Sources */,
				9A089E45272A7D78005B3FFE /* AddReminderViewController.swift in Sources */,
				9A46BBA4272EF343002280DD /* PayView.swift in Sources */,
				9AA0AEFE272D195400DA04A2 /* LegalViewController.swift in Sources */,
				9A96F877272B0A25008B58FE /* CardCell.swift in Sources */,
				9A49BFB4272FF8E600234A9F /* ConnectivityManager.swift in Sources */,
				9A49BFA8272FED5900234A9F /* DelayView.swift in Sources */,
				9AEF29F2272D71A600FEE390 /* ResultView.swift in Sources */,
				9A0C7771272E7B1700ECBFB2 /* SpotView.swift in Sources */,
				9AE2AFFD272BD25C0088A3ED /* EditPasswordViewController.swift in Sources */,
				9AF798EE272C3B530096D4C3 /* InviteViewController.swift in Sources */,
				9AC926EF272697F00054E453 /* WelcomeViewController.swift in Sources */,
				9A49BFAF272FF42B00234A9F /* NoWifiView.swift in Sources */,
				9AA9C4192726C63500ECCCE1 /* SignUpViewController.swift in Sources */,
				9AA65125272D7DD10057DA24 /* SectionView.swift in Sources */,
				9A49BFAD272FF42100234A9F /* CancelledView.swift in Sources */,
				9A310785272A708300B1F84A /* ReminderCell.swift in Sources */,
				9A49BFB1272FF8CB00234A9F /* Reachability.swift in Sources */,
				9ACBFF56272705060011B58F /* PermissionTableViewCell.swift in Sources */,
				9AE2AFFB272BD2550088A3ED /* EditNameViewController.swift in Sources */,
				9A1ABE972726A5EF00D4AA4B /* InfoTableViewCell.swift in Sources */,
				9AA9C4172726C62700ECCCE1 /* SignInViewController.swift in Sources */,
				9ACBFF54272704F90011B58F /* PermissionsViewController.swift in Sources */,
				9AB96428272EFCE0008462E7 /* ActiveView.swift in Sources */,
				9A14B918273142E100967417 /* KeyboardConstraint.swift in Sources */,
				9AF798F3272C4BF70096D4C3 /* PrizesViewController.swift in Sources */,
				9A14B91C2731431B00967417 /* PaddedTextField.swift in Sources */,
				9A14B914273142A400967417 /* CustomTableView.swift in Sources */,
				9A0357172727CC61002A9ED9 /* HomeViewController.swift in Sources */,
				9A14B91A2731430400967417 /* MonthPickerView.swift in Sources */,
				9A49BFAB272FF41B00234A9F /* UnlockedView.swift in Sources */,
				9A39B0D427284825008E7FD0 /* SettingCell.swift in Sources */,
				9AE2AFF7272BBFD70088A3ED /* HistoryViewController.swift in Sources */,
				9A0C7775272E831E00ECBFB2 /* SpotCell.swift in Sources */,
				9A46BBA2272EE764002280DD /* ReserveView.swift in Sources */,
				9A39B0D227284818008E7FD0 /* DownCornerCell.swift in Sources */,
				9A96F873272B09DF008B58FE /* AddCardViewController.swift in Sources */,
				9A7332032728798300ACE30A /* NotificationCell.swift in Sources */,
				9AF798F5272C4C060096D4C3 /* PrizesCell.swift in Sources */,
				9A310783272A707100B1F84A /* RemindersViewController.swift in Sources */,
				9A6A4A2F27293171008F69B3 /* SearchViewController.swift in Sources */,
				9A46BBA6272EF83D002280DD /* PaidView.swift in Sources */,
				9A7331FE272877F400ACE30A /* NotificationsViewController.swift in Sources */,
				9A49BFA6272FDA2000234A9F /* ReservationView.swift in Sources */,
				9A8484C22729A8AD00862685 /* DirectionsAppViewController.swift in Sources */,
				9A14B91E2731436300967417 /* UserPrefsUtils.swift in Sources */,
				9AC926EB272697F00054E453 /* AppDelegate.swift in Sources */,
				9A96F875272B09F1008B58FE /* PaymentViewController.swift in Sources */,
				9A39B0D02728480E008E7FD0 /* UpCornerCell.swift in Sources */,
				9AE2AFF9272BC0B80088A3ED /* HistoryCell.swift in Sources */,
				9A39B0CC272847FC008E7FD0 /* UserSettingsCell.swift in Sources */,
				9AC926ED272697F00054E453 /* SceneDelegate.swift in Sources */,
				9AC6D9D92727DE0D004E838C /* SettingsViewController.swift in Sources */,
				9A39B0CE27284803008E7FD0 /* SpacerCell.swift in Sources */,
				9A14B916273142C100967417 /* Extensions.swift in Sources */,
				9A39B0D827284B38008E7FD0 /* SettingsTextCell.swift in Sources */,
			);
			runOnlyForDeploymentPostprocessing = 0;
		};
		9AC926F9272697F20054E453 /* Sources */ = {
			isa = PBXSourcesBuildPhase;
			buildActionMask = 2147483647;
			files = (
				9AC92702272697F20054E453 /* RoadoutTests.swift in Sources */,
			);
			runOnlyForDeploymentPostprocessing = 0;
		};
		9AC92703272697F20054E453 /* Sources */ = {
			isa = PBXSourcesBuildPhase;
			buildActionMask = 2147483647;
			files = (
				9AC9270C272697F20054E453 /* RoadoutUITests.swift in Sources */,
				9AC9270E272697F20054E453 /* RoadoutUITestsLaunchTests.swift in Sources */,
			);
			runOnlyForDeploymentPostprocessing = 0;
		};
/* End PBXSourcesBuildPhase section */

/* Begin PBXTargetDependency section */
		9AC926FF272697F20054E453 /* PBXTargetDependency */ = {
			isa = PBXTargetDependency;
			target = 9AC926E6272697F00054E453 /* Roadout */;
			targetProxy = 9AC926FE272697F20054E453 /* PBXContainerItemProxy */;
		};
		9AC92709272697F20054E453 /* PBXTargetDependency */ = {
			isa = PBXTargetDependency;
			target = 9AC926E6272697F00054E453 /* Roadout */;
			targetProxy = 9AC92708272697F20054E453 /* PBXContainerItemProxy */;
		};
/* End PBXTargetDependency section */

/* Begin PBXVariantGroup section */
		9AC926F0272697F00054E453 /* Main.storyboard */ = {
			isa = PBXVariantGroup;
			children = (
				9AC926F1272697F00054E453 /* Base */,
			);
			name = Main.storyboard;
			sourceTree = "<group>";
		};
		9AC926F5272697F20054E453 /* LaunchScreen.storyboard */ = {
			isa = PBXVariantGroup;
			children = (
				9AC926F6272697F20054E453 /* Base */,
			);
			name = LaunchScreen.storyboard;
			sourceTree = "<group>";
		};
/* End PBXVariantGroup section */

/* Begin XCBuildConfiguration section */
		9AC9270F272697F20054E453 /* Debug */ = {
			isa = XCBuildConfiguration;
			buildSettings = {
				ALWAYS_SEARCH_USER_PATHS = NO;
				CLANG_ANALYZER_NONNULL = YES;
				CLANG_ANALYZER_NUMBER_OBJECT_CONVERSION = YES_AGGRESSIVE;
				CLANG_CXX_LANGUAGE_STANDARD = "gnu++17";
				CLANG_CXX_LIBRARY = "libc++";
				CLANG_ENABLE_MODULES = YES;
				CLANG_ENABLE_OBJC_ARC = YES;
				CLANG_ENABLE_OBJC_WEAK = YES;
				CLANG_WARN_BLOCK_CAPTURE_AUTORELEASING = YES;
				CLANG_WARN_BOOL_CONVERSION = YES;
				CLANG_WARN_COMMA = YES;
				CLANG_WARN_CONSTANT_CONVERSION = YES;
				CLANG_WARN_DEPRECATED_OBJC_IMPLEMENTATIONS = YES;
				CLANG_WARN_DIRECT_OBJC_ISA_USAGE = YES_ERROR;
				CLANG_WARN_DOCUMENTATION_COMMENTS = YES;
				CLANG_WARN_EMPTY_BODY = YES;
				CLANG_WARN_ENUM_CONVERSION = YES;
				CLANG_WARN_INFINITE_RECURSION = YES;
				CLANG_WARN_INT_CONVERSION = YES;
				CLANG_WARN_NON_LITERAL_NULL_CONVERSION = YES;
				CLANG_WARN_OBJC_IMPLICIT_RETAIN_SELF = YES;
				CLANG_WARN_OBJC_LITERAL_CONVERSION = YES;
				CLANG_WARN_OBJC_ROOT_CLASS = YES_ERROR;
				CLANG_WARN_QUOTED_INCLUDE_IN_FRAMEWORK_HEADER = YES;
				CLANG_WARN_RANGE_LOOP_ANALYSIS = YES;
				CLANG_WARN_STRICT_PROTOTYPES = YES;
				CLANG_WARN_SUSPICIOUS_MOVE = YES;
				CLANG_WARN_UNGUARDED_AVAILABILITY = YES_AGGRESSIVE;
				CLANG_WARN_UNREACHABLE_CODE = YES;
				CLANG_WARN__DUPLICATE_METHOD_MATCH = YES;
				COPY_PHASE_STRIP = NO;
				DEBUG_INFORMATION_FORMAT = dwarf;
				ENABLE_STRICT_OBJC_MSGSEND = YES;
				ENABLE_TESTABILITY = YES;
				GCC_C_LANGUAGE_STANDARD = gnu11;
				GCC_DYNAMIC_NO_PIC = NO;
				GCC_NO_COMMON_BLOCKS = YES;
				GCC_OPTIMIZATION_LEVEL = 0;
				GCC_PREPROCESSOR_DEFINITIONS = (
					"DEBUG=1",
					"$(inherited)",
				);
				GCC_WARN_64_TO_32_BIT_CONVERSION = YES;
				GCC_WARN_ABOUT_RETURN_TYPE = YES_ERROR;
				GCC_WARN_UNDECLARED_SELECTOR = YES;
				GCC_WARN_UNINITIALIZED_AUTOS = YES_AGGRESSIVE;
				GCC_WARN_UNUSED_FUNCTION = YES;
				GCC_WARN_UNUSED_VARIABLE = YES;
				IPHONEOS_DEPLOYMENT_TARGET = 13.0;
				MTL_ENABLE_DEBUG_INFO = INCLUDE_SOURCE;
				MTL_FAST_MATH = YES;
				ONLY_ACTIVE_ARCH = YES;
				"OTHER_LDFLAGS[arch=*]" = "-ObjC";
				SDKROOT = iphoneos;
				SWIFT_ACTIVE_COMPILATION_CONDITIONS = DEBUG;
				SWIFT_OPTIMIZATION_LEVEL = "-Onone";
			};
			name = Debug;
		};
		9AC92710272697F20054E453 /* Release */ = {
			isa = XCBuildConfiguration;
			buildSettings = {
				ALWAYS_SEARCH_USER_PATHS = NO;
				CLANG_ANALYZER_NONNULL = YES;
				CLANG_ANALYZER_NUMBER_OBJECT_CONVERSION = YES_AGGRESSIVE;
				CLANG_CXX_LANGUAGE_STANDARD = "gnu++17";
				CLANG_CXX_LIBRARY = "libc++";
				CLANG_ENABLE_MODULES = YES;
				CLANG_ENABLE_OBJC_ARC = YES;
				CLANG_ENABLE_OBJC_WEAK = YES;
				CLANG_WARN_BLOCK_CAPTURE_AUTORELEASING = YES;
				CLANG_WARN_BOOL_CONVERSION = YES;
				CLANG_WARN_COMMA = YES;
				CLANG_WARN_CONSTANT_CONVERSION = YES;
				CLANG_WARN_DEPRECATED_OBJC_IMPLEMENTATIONS = YES;
				CLANG_WARN_DIRECT_OBJC_ISA_USAGE = YES_ERROR;
				CLANG_WARN_DOCUMENTATION_COMMENTS = YES;
				CLANG_WARN_EMPTY_BODY = YES;
				CLANG_WARN_ENUM_CONVERSION = YES;
				CLANG_WARN_INFINITE_RECURSION = YES;
				CLANG_WARN_INT_CONVERSION = YES;
				CLANG_WARN_NON_LITERAL_NULL_CONVERSION = YES;
				CLANG_WARN_OBJC_IMPLICIT_RETAIN_SELF = YES;
				CLANG_WARN_OBJC_LITERAL_CONVERSION = YES;
				CLANG_WARN_OBJC_ROOT_CLASS = YES_ERROR;
				CLANG_WARN_QUOTED_INCLUDE_IN_FRAMEWORK_HEADER = YES;
				CLANG_WARN_RANGE_LOOP_ANALYSIS = YES;
				CLANG_WARN_STRICT_PROTOTYPES = YES;
				CLANG_WARN_SUSPICIOUS_MOVE = YES;
				CLANG_WARN_UNGUARDED_AVAILABILITY = YES_AGGRESSIVE;
				CLANG_WARN_UNREACHABLE_CODE = YES;
				CLANG_WARN__DUPLICATE_METHOD_MATCH = YES;
				COPY_PHASE_STRIP = NO;
				DEBUG_INFORMATION_FORMAT = "dwarf-with-dsym";
				ENABLE_NS_ASSERTIONS = NO;
				ENABLE_STRICT_OBJC_MSGSEND = YES;
				GCC_C_LANGUAGE_STANDARD = gnu11;
				GCC_NO_COMMON_BLOCKS = YES;
				GCC_WARN_64_TO_32_BIT_CONVERSION = YES;
				GCC_WARN_ABOUT_RETURN_TYPE = YES_ERROR;
				GCC_WARN_UNDECLARED_SELECTOR = YES;
				GCC_WARN_UNINITIALIZED_AUTOS = YES_AGGRESSIVE;
				GCC_WARN_UNUSED_FUNCTION = YES;
				GCC_WARN_UNUSED_VARIABLE = YES;
				IPHONEOS_DEPLOYMENT_TARGET = 13.0;
				MTL_ENABLE_DEBUG_INFO = NO;
				MTL_FAST_MATH = YES;
				"OTHER_LDFLAGS[arch=*]" = "-ObjC";
				SDKROOT = iphoneos;
				SWIFT_COMPILATION_MODE = wholemodule;
				SWIFT_OPTIMIZATION_LEVEL = "-O";
				VALIDATE_PRODUCT = YES;
			};
			name = Release;
		};
		9AC92712272697F20054E453 /* Debug */ = {
			isa = XCBuildConfiguration;
			buildSettings = {
				ASSETCATALOG_COMPILER_APPICON_NAME = AppIcon;
				ASSETCATALOG_COMPILER_GLOBAL_ACCENT_COLOR_NAME = AccentColor;
				CODE_SIGN_ENTITLEMENTS = Roadout/Roadout.entitlements;
				CODE_SIGN_STYLE = Automatic;
				CURRENT_PROJECT_VERSION = 1;
				DEVELOPMENT_TEAM = T5769DN25J;
				FRAMEWORK_SEARCH_PATHS = (
					"$(inherited)",
					"$(PROJECT_DIR)",
				);
				GENERATE_INFOPLIST_FILE = YES;
				INFOPLIST_FILE = Roadout/Info.plist;
				INFOPLIST_KEY_UIApplicationSupportsIndirectInputEvents = YES;
				INFOPLIST_KEY_UILaunchStoryboardName = LaunchScreen;
				INFOPLIST_KEY_UIMainStoryboardFile = Main;
				INFOPLIST_KEY_UISupportedInterfaceOrientations = UIInterfaceOrientationPortrait;
				INFOPLIST_KEY_UISupportedInterfaceOrientations_iPad = "UIInterfaceOrientationPortrait UIInterfaceOrientationPortraitUpsideDown UIInterfaceOrientationLandscapeLeft UIInterfaceOrientationLandscapeRight";
				INFOPLIST_KEY_UISupportedInterfaceOrientations_iPhone = "UIInterfaceOrientationPortrait UIInterfaceOrientationLandscapeLeft UIInterfaceOrientationLandscapeRight";
				IPHONEOS_DEPLOYMENT_TARGET = 13.0;
				LD_RUNPATH_SEARCH_PATHS = (
					"$(inherited)",
					"@executable_path/Frameworks",
				);
				MARKETING_VERSION = 1.0.0;
				"OTHER_LDFLAGS[arch=*]" = "$(inherited)";
				PRODUCT_BUNDLE_IDENTIFIER = ro.codebranch.Roadout;
				PRODUCT_NAME = "$(TARGET_NAME)";
				SWIFT_EMIT_LOC_STRINGS = YES;
				SWIFT_VERSION = 5.0;
				TARGETED_DEVICE_FAMILY = 1;
			};
			name = Debug;
		};
		9AC92713272697F20054E453 /* Release */ = {
			isa = XCBuildConfiguration;
			buildSettings = {
				ASSETCATALOG_COMPILER_APPICON_NAME = AppIcon;
				ASSETCATALOG_COMPILER_GLOBAL_ACCENT_COLOR_NAME = AccentColor;
				CODE_SIGN_ENTITLEMENTS = Roadout/Roadout.entitlements;
				CODE_SIGN_STYLE = Automatic;
				CURRENT_PROJECT_VERSION = 1;
				DEVELOPMENT_TEAM = T5769DN25J;
				FRAMEWORK_SEARCH_PATHS = (
					"$(inherited)",
					"$(PROJECT_DIR)",
				);
				GENERATE_INFOPLIST_FILE = YES;
				INFOPLIST_FILE = Roadout/Info.plist;
				INFOPLIST_KEY_UIApplicationSupportsIndirectInputEvents = YES;
				INFOPLIST_KEY_UILaunchStoryboardName = LaunchScreen;
				INFOPLIST_KEY_UIMainStoryboardFile = Main;
				INFOPLIST_KEY_UISupportedInterfaceOrientations = UIInterfaceOrientationPortrait;
				INFOPLIST_KEY_UISupportedInterfaceOrientations_iPad = "UIInterfaceOrientationPortrait UIInterfaceOrientationPortraitUpsideDown UIInterfaceOrientationLandscapeLeft UIInterfaceOrientationLandscapeRight";
				INFOPLIST_KEY_UISupportedInterfaceOrientations_iPhone = "UIInterfaceOrientationPortrait UIInterfaceOrientationLandscapeLeft UIInterfaceOrientationLandscapeRight";
				IPHONEOS_DEPLOYMENT_TARGET = 13.0;
				LD_RUNPATH_SEARCH_PATHS = (
					"$(inherited)",
					"@executable_path/Frameworks",
				);
				MARKETING_VERSION = 1.0.0;
				"OTHER_LDFLAGS[arch=*]" = "$(inherited)";
				PRODUCT_BUNDLE_IDENTIFIER = ro.codebranch.Roadout;
				PRODUCT_NAME = "$(TARGET_NAME)";
				SWIFT_EMIT_LOC_STRINGS = YES;
				SWIFT_VERSION = 5.0;
				TARGETED_DEVICE_FAMILY = 1;
			};
			name = Release;
		};
		9AC92715272697F20054E453 /* Debug */ = {
			isa = XCBuildConfiguration;
			buildSettings = {
				ALWAYS_EMBED_SWIFT_STANDARD_LIBRARIES = YES;
				BUNDLE_LOADER = "$(TEST_HOST)";
				CODE_SIGN_STYLE = Automatic;
				CURRENT_PROJECT_VERSION = 1;
				DEVELOPMENT_TEAM = T5769DN25J;
				FRAMEWORK_SEARCH_PATHS = (
					"$(inherited)",
					"$(PROJECT_DIR)",
				);
				GENERATE_INFOPLIST_FILE = YES;
				IPHONEOS_DEPLOYMENT_TARGET = 15.0;
				LD_RUNPATH_SEARCH_PATHS = (
					"$(inherited)",
					"@executable_path/Frameworks",
					"@loader_path/Frameworks",
				);
				MARKETING_VERSION = 1.0;
				PRODUCT_BUNDLE_IDENTIFIER = ro.codebranch.RoadoutTests;
				PRODUCT_NAME = "$(TARGET_NAME)";
				SWIFT_EMIT_LOC_STRINGS = NO;
				SWIFT_VERSION = 5.0;
				TARGETED_DEVICE_FAMILY = "1,2";
				TEST_HOST = "$(BUILT_PRODUCTS_DIR)/Roadout.app/Roadout";
			};
			name = Debug;
		};
		9AC92716272697F20054E453 /* Release */ = {
			isa = XCBuildConfiguration;
			buildSettings = {
				ALWAYS_EMBED_SWIFT_STANDARD_LIBRARIES = YES;
				BUNDLE_LOADER = "$(TEST_HOST)";
				CODE_SIGN_STYLE = Automatic;
				CURRENT_PROJECT_VERSION = 1;
				DEVELOPMENT_TEAM = T5769DN25J;
				FRAMEWORK_SEARCH_PATHS = (
					"$(inherited)",
					"$(PROJECT_DIR)",
				);
				GENERATE_INFOPLIST_FILE = YES;
				IPHONEOS_DEPLOYMENT_TARGET = 15.0;
				LD_RUNPATH_SEARCH_PATHS = (
					"$(inherited)",
					"@executable_path/Frameworks",
					"@loader_path/Frameworks",
				);
				MARKETING_VERSION = 1.0;
				PRODUCT_BUNDLE_IDENTIFIER = ro.codebranch.RoadoutTests;
				PRODUCT_NAME = "$(TARGET_NAME)";
				SWIFT_EMIT_LOC_STRINGS = NO;
				SWIFT_VERSION = 5.0;
				TARGETED_DEVICE_FAMILY = "1,2";
				TEST_HOST = "$(BUILT_PRODUCTS_DIR)/Roadout.app/Roadout";
			};
			name = Release;
		};
		9AC92718272697F20054E453 /* Debug */ = {
			isa = XCBuildConfiguration;
			buildSettings = {
				ALWAYS_EMBED_SWIFT_STANDARD_LIBRARIES = YES;
				CODE_SIGN_STYLE = Automatic;
				CURRENT_PROJECT_VERSION = 1;
				DEVELOPMENT_TEAM = T5769DN25J;
				FRAMEWORK_SEARCH_PATHS = (
					"$(inherited)",
					"$(PROJECT_DIR)",
				);
				GENERATE_INFOPLIST_FILE = YES;
				LD_RUNPATH_SEARCH_PATHS = (
					"$(inherited)",
					"@executable_path/Frameworks",
					"@loader_path/Frameworks",
				);
				MARKETING_VERSION = 1.0;
				PRODUCT_BUNDLE_IDENTIFIER = ro.codebranch.RoadoutUITests;
				PRODUCT_NAME = "$(TARGET_NAME)";
				SWIFT_EMIT_LOC_STRINGS = NO;
				SWIFT_VERSION = 5.0;
				TARGETED_DEVICE_FAMILY = "1,2";
				TEST_TARGET_NAME = Roadout;
			};
			name = Debug;
		};
		9AC92719272697F20054E453 /* Release */ = {
			isa = XCBuildConfiguration;
			buildSettings = {
				ALWAYS_EMBED_SWIFT_STANDARD_LIBRARIES = YES;
				CODE_SIGN_STYLE = Automatic;
				CURRENT_PROJECT_VERSION = 1;
				DEVELOPMENT_TEAM = T5769DN25J;
				FRAMEWORK_SEARCH_PATHS = (
					"$(inherited)",
					"$(PROJECT_DIR)",
				);
				GENERATE_INFOPLIST_FILE = YES;
				LD_RUNPATH_SEARCH_PATHS = (
					"$(inherited)",
					"@executable_path/Frameworks",
					"@loader_path/Frameworks",
				);
				MARKETING_VERSION = 1.0;
				PRODUCT_BUNDLE_IDENTIFIER = ro.codebranch.RoadoutUITests;
				PRODUCT_NAME = "$(TARGET_NAME)";
				SWIFT_EMIT_LOC_STRINGS = NO;
				SWIFT_VERSION = 5.0;
				TARGETED_DEVICE_FAMILY = "1,2";
				TEST_TARGET_NAME = Roadout;
			};
			name = Release;
		};
/* End XCBuildConfiguration section */

/* Begin XCConfigurationList section */
		9AC926E2272697F00054E453 /* Build configuration list for PBXProject "Roadout" */ = {
			isa = XCConfigurationList;
			buildConfigurations = (
				9AC9270F272697F20054E453 /* Debug */,
				9AC92710272697F20054E453 /* Release */,
			);
			defaultConfigurationIsVisible = 0;
			defaultConfigurationName = Release;
		};
		9AC92711272697F20054E453 /* Build configuration list for PBXNativeTarget "Roadout" */ = {
			isa = XCConfigurationList;
			buildConfigurations = (
				9AC92712272697F20054E453 /* Debug */,
				9AC92713272697F20054E453 /* Release */,
			);
			defaultConfigurationIsVisible = 0;
			defaultConfigurationName = Release;
		};
		9AC92714272697F20054E453 /* Build configuration list for PBXNativeTarget "RoadoutTests" */ = {
			isa = XCConfigurationList;
			buildConfigurations = (
				9AC92715272697F20054E453 /* Debug */,
				9AC92716272697F20054E453 /* Release */,
			);
			defaultConfigurationIsVisible = 0;
			defaultConfigurationName = Release;
		};
		9AC92717272697F20054E453 /* Build configuration list for PBXNativeTarget "RoadoutUITests" */ = {
			isa = XCConfigurationList;
			buildConfigurations = (
				9AC92718272697F20054E453 /* Debug */,
				9AC92719272697F20054E453 /* Release */,
			);
			defaultConfigurationIsVisible = 0;
			defaultConfigurationName = Release;
		};
/* End XCConfigurationList section */

/* Begin XCRemoteSwiftPackageReference section */
		9A150831272BFC3E008C083B /* XCRemoteSwiftPackageReference "GoogleMaps-SP" */ = {
			isa = XCRemoteSwiftPackageReference;
			repositoryURL = "https://github.com/YAtechnologies/GoogleMaps-SP";
			requirement = {
				kind = upToNextMajorVersion;
				minimumVersion = 5.0.0;
			};
		};
		9A6E1C352731324B002E29F9 /* XCRemoteSwiftPackageReference "BarChart" */ = {
			isa = XCRemoteSwiftPackageReference;
			repositoryURL = "https://github.com/marekpridal/BarChart";
			requirement = {
				kind = upToNextMajorVersion;
				minimumVersion = 1.0.0;
			};
		};
/* End XCRemoteSwiftPackageReference section */

/* Begin XCSwiftPackageProductDependency section */
		9A150832272BFC3E008C083B /* GoogleMaps */ = {
			isa = XCSwiftPackageProductDependency;
			package = 9A150831272BFC3E008C083B /* XCRemoteSwiftPackageReference "GoogleMaps-SP" */;
			productName = GoogleMaps;
		};
		9A150834272BFC3E008C083B /* GoogleMapsBase */ = {
			isa = XCSwiftPackageProductDependency;
			package = 9A150831272BFC3E008C083B /* XCRemoteSwiftPackageReference "GoogleMaps-SP" */;
			productName = GoogleMapsBase;
		};
		9A150836272BFC3E008C083B /* GoogleMapsCore */ = {
			isa = XCSwiftPackageProductDependency;
			package = 9A150831272BFC3E008C083B /* XCRemoteSwiftPackageReference "GoogleMaps-SP" */;
			productName = GoogleMapsCore;
		};
		9A6E1C362731324B002E29F9 /* BarChartKit-static */ = {
			isa = XCSwiftPackageProductDependency;
			package = 9A6E1C352731324B002E29F9 /* XCRemoteSwiftPackageReference "BarChart" */;
			productName = "BarChartKit-static";
		};
/* End XCSwiftPackageProductDependency section */
	};
	rootObject = 9AC926DF272697F00054E453 /* Project object */;
}
